
Microsoft Visual Studio Solution File, Format Version 12.00
# Visual Studio Version 16
VisualStudioVersion = 16.0.30114.105
MinimumVisualStudioVersion = 10.0.40219.1
Project("{2150E333-8FDC-42A3-9474-1A3956D46DE8}") = "src", "src", "{4DB1251B-8A88-4B3D-9836-A41420C58451}"
EndProject
Project("{FAE04EC0-301F-11D3-BF4B-00C04F79EFBC}") = "MeuBolsoDigital.CrossCutting", "src\MeuBolsoDigital.CrossCutting\MeuBolsoDigital.CrossCutting.csproj", "{A0C311BB-1EEF-415E-BB3A-076917CCCAA1}"
EndProject
Project("{FAE04EC0-301F-11D3-BF4B-00C04F79EFBC}") = "MeuBolsoDigital.CrossCutting.UnitTests", "src\MeuBolsoDigital.CrossCutting.UnitTests\MeuBolsoDigital.CrossCutting.UnitTests.csproj", "{4897C2D0-90C6-4E8F-9083-D5315EABD8D1}"
EndProject
Global
	GlobalSection(SolutionConfigurationPlatforms) = preSolution
		Debug|Any CPU = Debug|Any CPU
		Release|Any CPU = Release|Any CPU
	EndGlobalSection
	GlobalSection(SolutionProperties) = preSolution
		HideSolutionNode = FALSE
	EndGlobalSection
	GlobalSection(ProjectConfigurationPlatforms) = postSolution
		{A0C311BB-1EEF-415E-BB3A-076917CCCAA1}.Debug|Any CPU.ActiveCfg = Debug|Any CPU
		{A0C311BB-1EEF-415E-BB3A-076917CCCAA1}.Debug|Any CPU.Build.0 = Debug|Any CPU
		{A0C311BB-1EEF-415E-BB3A-076917CCCAA1}.Release|Any CPU.ActiveCfg = Release|Any CPU
		{A0C311BB-1EEF-415E-BB3A-076917CCCAA1}.Release|Any CPU.Build.0 = Release|Any CPU
		{4897C2D0-90C6-4E8F-9083-D5315EABD8D1}.Debug|Any CPU.ActiveCfg = Debug|Any CPU
		{4897C2D0-90C6-4E8F-9083-D5315EABD8D1}.Debug|Any CPU.Build.0 = Debug|Any CPU
		{4897C2D0-90C6-4E8F-9083-D5315EABD8D1}.Release|Any CPU.ActiveCfg = Release|Any CPU
		{4897C2D0-90C6-4E8F-9083-D5315EABD8D1}.Release|Any CPU.Build.0 = Release|Any CPU
	EndGlobalSection
	GlobalSection(NestedProjects) = preSolution
		{A0C311BB-1EEF-415E-BB3A-076917CCCAA1} = {4DB1251B-8A88-4B3D-9836-A41420C58451}
		{4897C2D0-90C6-4E8F-9083-D5315EABD8D1} = {4DB1251B-8A88-4B3D-9836-A41420C58451}
	EndGlobalSection
EndGlobal
